
Microsoft Visual Studio Solution File, Format Version 12.00
# Visual Studio Version 17
VisualStudioVersion = 17.14.37710.0
MinimumVisualStudioVersion = 10.0.40219.1
Project("{2150E333-8FDC-42A3-9474-1A3956D46DE8}") = "Task0", "Task0", "{02EA681E-C7D8-13C7-8484-4AC65E1B71E8}"
EndProject
Project("{FAE04EC0-301F-11D3-BF4B-00C04F79EFBC}") = "Tyuiu.GlebovLA.Sprint1.Task0.V5", "Tyuiu.GlebovLA.Sprint1.Task0.V5\Tyuiu.GlebovLA.Sprint1.Task0.V5.csproj", "{7465BFB0-A021-4BDB-8E38-ACEEF7A0B641}"
EndProject
Project("{FAE04EC0-301F-11D3-BF4B-00C04F79EFBC}") = "Tyuiu.GlebovLA.Sprint1.Task0.V5.Lib", "Tyuiu.GlebovLA.Sprint1.Task0.V5.Lib\Tyuiu.GlebovLA.Sprint1.Task0.V5.Lib.csproj", "{1A5C58E6-1E65-4CA2-ADF2-6EA729123325}"
EndProject
Project("{FAE04EC0-301F-11D3-BF4B-00C04F79EFBC}") = "Tyuiu.GlebovLA.Sprint1.Task0.V5.Test", "Tyuiu.GlebovLA.Sprint1.Task0.V5.Test\Tyuiu.GlebovLA.Sprint1.Task0.V5.Test.csproj", "{CA93E143-6DF9-4D56-A43C-3359B53B4D19}"
EndProject
Project("{2150E333-8FDC-42A3-9474-1A3956D46DE8}") = "Task1", "Task1", "{877AFDE1-5A99-4F6F-83C1-EAD4C36085C7}"
EndProject
Project("{FAE04EC0-301F-11D3-BF4B-00C04F79EFBC}") = "Tyuiu.GlebovLA.Sprint1.Task1.V9.Test", "Tyuiu.GlebovLA.Sprint1.Task1.V9.Test\Tyuiu.GlebovLA.Sprint1.Task1.V9.Test.csproj", "{5732555C-EFDD-4B95-981C-9CFB8C859B56}"
EndProject
Project("{FAE04EC0-301F-11D3-BF4B-00C04F79EFBC}") = "Tyuiu.GlebovLA.Sprint1.Task1.V9.Lib", "Tyuiu.GlebovLA.Sprint1.Task1.V9.Lib\Tyuiu.GlebovLA.Sprint1.Task1.V9.Lib.csproj", "{D30F1213-2AFF-49FE-9E8A-E12BCDDBFD3A}"
EndProject
Project("{FAE04EC0-301F-11D3-BF4B-00C04F79EFBC}") = "Tyuiu.GlebovLA.Sprint1.Task1.V9", "Tyuiu.GlebovLA.Sprint1.Task1.V9\Tyuiu.GlebovLA.Sprint1.Task1.V9.csproj", "{2AC011F0-8411-4946-80E9-FA4BA1FA1F71}"
EndProject
Project("{2150E333-8FDC-42A3-9474-1A3956D46DE8}") = "Task2", "Task2", "{3A8E8F10-B386-42B8-9A15-2981506A42A7}"
EndProject
Project("{FAE04EC0-301F-11D3-BF4B-00C04F79EFBC}") = "Tyuiu.GlebovLA.Sprint1.Task2.V23", "Tyuiu.GlebovLA.Sprint1.Task2.V23\Tyuiu.GlebovLA.Sprint1.Task2.V23.csproj", "{C23FE8DD-43A4-4525-A732-5A738F261FAB}"
EndProject
Project("{FAE04EC0-301F-11D3-BF4B-00C04F79EFBC}") = "Tyuiu.GlebovLA.Sprint1.Task2.V23.Lib", "Tyuiu.GlebovLA.Sprint1.Task2.V23.Lib\Tyuiu.GlebovLA.Sprint1.Task2.V23.Lib.csproj", "{285770A5-5CF2-41B5-8019-15543454C363}"
EndProject
Project("{FAE04EC0-301F-11D3-BF4B-00C04F79EFBC}") = "Tyuiu.GlebovLA.Sprint1.Task2.V23.Test", "Tyuiu.GlebovLA.Sprint1.Task2.V23.Test\Tyuiu.GlebovLA.Sprint1.Task2.V23.Test.csproj", "{34568372-8F76-47F9-98A3-251741BDC1AB}"
EndProject
Global
	GlobalSection(SolutionConfigurationPlatforms) = preSolution
		Debug|Any CPU = Debug|Any CPU
		Release|Any CPU = Release|Any CPU
	EndGlobalSection
	GlobalSection(ProjectConfigurationPlatforms) = postSolution
		{7465BFB0-A021-4BDB-8E38-ACEEF7A0B641}.Debug|Any CPU.ActiveCfg = Debug|Any CPU
		{7465BFB0-A021-4BDB-8E38-ACEEF7A0B641}.Debug|Any CPU.Build.0 = Debug|Any CPU
		{7465BFB0-A021-4BDB-8E38-ACEEF7A0B641}.Release|Any CPU.ActiveCfg = Release|Any CPU
		{7465BFB0-A021-4BDB-8E38-ACEEF7A0B641}.Release|Any CPU.Build.0 = Release|Any CPU
		{1A5C58E6-1E65-4CA2-ADF2-6EA729123325}.Debug|Any CPU.ActiveCfg = Debug|Any CPU
		{1A5C58E6-1E65-4CA2-ADF2-6EA729123325}.Debug|Any CPU.Build.0 = Debug|Any CPU
		{1A5C58E6-1E65-4CA2-ADF2-6EA729123325}.Release|Any CPU.ActiveCfg = Release|Any CPU
		{1A5C58E6-1E65-4CA2-ADF2-6EA729123325}.Release|Any CPU.Build.0 = Release|Any CPU
		{CA93E143-6DF9-4D56-A43C-3359B53B4D19}.Debug|Any CPU.ActiveCfg = Debug|Any CPU
		{CA93E143-6DF9-4D56-A43C-3359B53B4D19}.Debug|Any CPU.Build.0 = Debug|Any CPU
		{CA93E143-6DF9-4D56-A43C-3359B53B4D19}.Release|Any CPU.ActiveCfg = Release|Any CPU
		{CA93E143-6DF9-4D56-A43C-3359B53B4D19}.Release|Any CPU.Build.0 = Release|Any CPU
		{5732555C-EFDD-4B95-981C-9CFB8C859B56}.Debug|Any CPU.ActiveCfg = Debug|Any CPU
		{5732555C-EFDD-4B95-981C-9CFB8C859B56}.Debug|Any CPU.Build.0 = Debug|Any CPU
		{5732555C-EFDD-4B95-981C-9CFB8C859B56}.Release|Any CPU.ActiveCfg = Release|Any CPU
		{5732555C-EFDD-4B95-981C-9CFB8C859B56}.Release|Any CPU.Build.0 = Release|Any CPU
		{D30F1213-2AFF-49FE-9E8A-E12BCDDBFD3A}.Debug|Any CPU.ActiveCfg = Debug|Any CPU
		{D30F1213-2AFF-49FE-9E8A-E12BCDDBFD3A}.Debug|Any CPU.Build.0 = Debug|Any CPU
		{D30F1213-2AFF-49FE-9E8A-E12BCDDBFD3A}.Release|Any CPU.ActiveCfg = Release|Any CPU
		{D30F1213-2AFF-49FE-9E8A-E12BCDDBFD3A}.Release|Any CPU.Build.0 = Release|Any CPU
		{2AC011F0-8411-4946-80E9-FA4BA1FA1F71}.Debug|Any CPU.ActiveCfg = Debug|Any CPU
		{2AC011F0-8411-4946-80E9-FA4BA1FA1F71}.Debug|Any CPU.Build.0 = Debug|Any CPU
		{2AC011F0-8411-4946-80E9-FA4BA1FA1F71}.Release|Any CPU.ActiveCfg = Release|Any CPU
		{2AC011F0-8411-4946-80E9-FA4BA1FA1F71}.Release|Any CPU.Build.0 = Release|Any CPU
		{C23FE8DD-43A4-4525-A732-5A738F261FAB}.Debug|Any CPU.ActiveCfg = Debug|Any CPU
		{C23FE8DD-43A4-4525-A732-5A738F261FAB}.Debug|Any CPU.Build.0 = Debug|Any CPU
		{C23FE8DD-43A4-4525-A732-5A738F261FAB}.Release|Any CPU.ActiveCfg = Release|Any CPU
		{C23FE8DD-43A4-4525-A732-5A738F261FAB}.Release|Any CPU.Build.0 = Release|Any CPU
		{285770A5-5CF2-41B5-8019-15543454C363}.Debug|Any CPU.ActiveCfg = Debug|Any CPU
		{285770A5-5CF2-41B5-8019-15543454C363}.Debug|Any CPU.Build.0 = Debug|Any CPU
		{285770A5-5CF2-41B5-8019-15543454C363}.Release|Any CPU.ActiveCfg = Release|Any CPU
		{285770A5-5CF2-41B5-8019-15543454C363}.Release|Any CPU.Build.0 = Release|Any CPU
		{34568372-8F76-47F9-98A3-251741BDC1AB}.Debug|Any CPU.ActiveCfg = Debug|Any CPU
		{34568372-8F76-47F9-98A3-251741BDC1AB}.Debug|Any CPU.Build.0 = Debug|Any CPU
		{34568372-8F76-47F9-98A3-251741BDC1AB}.Release|Any CPU.ActiveCfg = Release|Any CPU
		{34568372-8F76-47F9-98A3-251741BDC1AB}.Release|Any CPU.Build.0 = Release|Any CPU
	EndGlobalSection
	GlobalSection(SolutionProperties) = preSolution
		HideSolutionNode = FALSE
	EndGlobalSection
	GlobalSection(NestedProjects) = preSolution
		{7465BFB0-A021-4BDB-8E38-ACEEF7A0B641} = {02EA681E-C7D8-13C7-8484-4AC65E1B71E8}
		{1A5C58E6-1E65-4CA2-ADF2-6EA729123325} = {02EA681E-C7D8-13C7-8484-4AC65E1B71E8}
		{CA93E143-6DF9-4D56-A43C-3359B53B4D19} = {02EA681E-C7D8-13C7-8484-4AC65E1B71E8}
		{5732555C-EFDD-4B95-981C-9CFB8C859B56} = {877AFDE1-5A99-4F6F-83C1-EAD4C36085C7}
		{D30F1213-2AFF-49FE-9E8A-E12BCDDBFD3A} = {877AFDE1-5A99-4F6F-83C1-EAD4C36085C7}
		{2AC011F0-8411-4946-80E9-FA4BA1FA1F71} = {877AFDE1-5A99-4F6F-83C1-EAD4C36085C7}
		{C23FE8DD-43A4-4525-A732-5A738F261FAB} = {3A8E8F10-B386-42B8-9A15-2981506A42A7}
		{285770A5-5CF2-41B5-8019-15543454C363} = {3A8E8F10-B386-42B8-9A15-2981506A42A7}
		{34568372-8F76-47F9-98A3-251741BDC1AB} = {3A8E8F10-B386-42B8-9A15-2981506A42A7}
	EndGlobalSection
	GlobalSection(ExtensibilityGlobals) = postSolution
		SolutionGuid = {4C607960-9820-46ED-828A-7D40A7DBEE3E}
	EndGlobalSection
EndGlobal
